
Microsoft Visual Studio Solution File, Format Version 12.00
# Visual Studio 14
VisualStudioVersion = 14.0.25420.1
MinimumVisualStudioVersion = 10.0.40219.1
Project("{FAE04EC0-301F-11D3-BF4B-00C04F79EFBC}") = "MTSQL.UI", "MTSQL.UI\MTSQL.UI.csproj", "{9D6E917E-B846-4DFF-8831-3C4C801C0F74}"
EndProject
Project("{FAE04EC0-301F-11D3-BF4B-00C04F79EFBC}") = "MTSQL.Core", "MTSQL.Core\MTSQL.Core.csproj", "{C4E95257-C209-4296-AC02-B4CCFF6F3FFA}"
EndProject
Project("{FAE04EC0-301F-11D3-BF4B-00C04F79EFBC}") = "MTSQL.Generators", "MTSQL.Generators\MTSQL.Generators.csproj", "{E2A37D63-25B8-4FEC-9302-8A02D64301DF}"
EndProject
Global
	GlobalSection(SolutionConfigurationPlatforms) = preSolution
		Debug|Any CPU = Debug|Any CPU
		Release|Any CPU = Release|Any CPU
	EndGlobalSection
	GlobalSection(ProjectConfigurationPlatforms) = postSolution
		{9D6E917E-B846-4DFF-8831-3C4C801C0F74}.Debug|Any CPU.ActiveCfg = Debug|Any CPU
		{9D6E917E-B846-4DFF-8831-3C4C801C0F74}.Debug|Any CPU.Build.0 = Debug|Any CPU
		{9D6E917E-B846-4DFF-8831-3C4C801C0F74}.Release|Any CPU.ActiveCfg = Release|Any CPU
		{9D6E917E-B846-4DFF-8831-3C4C801C0F74}.Release|Any CPU.Build.0 = Release|Any CPU
		{C4E95257-C209-4296-AC02-B4CCFF6F3FFA}.Debug|Any CPU.ActiveCfg = Debug|Any CPU
		{C4E95257-C209-4296-AC02-B4CCFF6F3FFA}.Debug|Any CPU.Build.0 = Debug|Any CPU
		{C4E95257-C209-4296-AC02-B4CCFF6F3FFA}.Release|Any CPU.ActiveCfg = Release|Any CPU
		{C4E95257-C209-4296-AC02-B4CCFF6F3FFA}.Release|Any CPU.Build.0 = Release|Any CPU
		{E2A37D63-25B8-4FEC-9302-8A02D64301DF}.Debug|Any CPU.ActiveCfg = Debug|Any CPU
		{E2A37D63-25B8-4FEC-9302-8A02D64301DF}.Debug|Any CPU.Build.0 = Debug|Any CPU
		{E2A37D63-25B8-4FEC-9302-8A02D64301DF}.Release|Any CPU.ActiveCfg = Release|Any CPU
		{E2A37D63-25B8-4FEC-9302-8A02D64301DF}.Release|Any CPU.Build.0 = Release|Any CPU
	EndGlobalSection
	GlobalSection(SolutionProperties) = preSolution
		HideSolutionNode = FALSE
	EndGlobalSection
EndGlobal
